# THIS IS AN AUTOGENERATED FILE. DO NOT EDIT THIS FILE DIRECTLY.
# yarn lockfile v1


"@babel/runtime@^7.12.5":
  version "7.23.6"
  resolved "https://registry.npmjs.org/@babel/runtime/-/runtime-7.23.6.tgz"
  integrity sha512-zHd0eUrf5GZoOWVCXp6koAKQTfZV07eit6bGPmJgnZdnSAvvZee6zniW2XMF7Cmc4ISOOnPy3QaSiIJGJkVEDQ==
  dependencies:
    regenerator-runtime "^0.14.0"

"@lexical/clipboard@0.12.5":
  version "0.12.5"
  resolved "https://registry.npmjs.org/@lexical/clipboard/-/clipboard-0.12.5.tgz"
  integrity sha512-A0k0g5mCHDgROLF33TwiKdjMWEfajyPcIF64lsHapZ19ZTi1iabGkXvpHnyHaMq79py1Se/e6tOcmFe9nOJkrQ==
  dependencies:
    "@lexical/html" "0.12.5"
    "@lexical/list" "0.12.5"
    "@lexical/selection" "0.12.5"
    "@lexical/utils" "0.12.5"

"@lexical/code@0.12.5":
  version "0.12.5"
  resolved "https://registry.npmjs.org/@lexical/code/-/code-0.12.5.tgz"
  integrity sha512-YV879sO2C0efWXgj4ZUzpowPWxbid8T5I0vysQIzuWPiaQG0fjilz1maYV+X95hD2VXW8yhyOnEdScfeKk62Zg==
  dependencies:
    "@lexical/utils" "0.12.5"
    prismjs "^1.27.0"

"@lexical/dragon@0.12.5":
  version "0.12.5"
  resolved "https://registry.npmjs.org/@lexical/dragon/-/dragon-0.12.5.tgz"
  integrity sha512-RFU6wIIUS0/ab5JtLp2rKaUi7nltDT96+GdmvNVHpAfa7TZuepYsoi7PtZB9aF/Outye4U7dQU2tNwesDBf8kg==

"@lexical/hashtag@0.12.5":
  version "0.12.5"
  resolved "https://registry.npmjs.org/@lexical/hashtag/-/hashtag-0.12.5.tgz"
  integrity sha512-nlPFScTiuZgUtuBSnRkHK9AuRDV35zZug4JLG1Hkky+Fh1PJ+0MK+/K8mhoatp13zm7GqN2fMOrrUGufqEingw==
  dependencies:
    "@lexical/utils" "0.12.5"

"@lexical/history@0.12.5":
  version "0.12.5"
  resolved "https://registry.npmjs.org/@lexical/history/-/history-0.12.5.tgz"
  integrity sha512-nF5TurEE4qRbuNP/i5pDtVfWHQXb4ONof+MvKmHNfLRJbxSj7Ee33MVG9x851PjAzXoXuGJvw6FMBCasGXQx7A==
  dependencies:
    "@lexical/utils" "0.12.5"

"@lexical/html@0.12.5":
  version "0.12.5"
  resolved "https://registry.npmjs.org/@lexical/html/-/html-0.12.5.tgz"
  integrity sha512-OzsWKVcr9wUGvAbgyUdG+32/cI2RclI4I4JmIyfLbiYMBYdafu+j160cjohNWu9gQFjVFszIjG4CBxfwRM+Sag==
  dependencies:
    "@lexical/selection" "0.12.5"
    "@lexical/utils" "0.12.5"

"@lexical/link@0.12.5":
  version "0.12.5"
  resolved "https://registry.npmjs.org/@lexical/link/-/link-0.12.5.tgz"
  integrity sha512-h7p5G+XXKqNrb4lk55mJL23Us5pz2szbzZevccADJ9Om6o3i4aNyjv1MeC29WXjmgS0YKHDlYcnKEgyAPKvVMw==
  dependencies:
    "@lexical/utils" "0.12.5"

"@lexical/list@0.12.5":
  version "0.12.5"
  resolved "https://registry.npmjs.org/@lexical/list/-/list-0.12.5.tgz"
  integrity sha512-KNJ262krlpcDZ2U1LC8xp86uw2nqt88iEQgpF+khv3SAqqLbhT8tMpyZ6+eWbW3mHPhQIxFutJGazMAqMW3uUA==
  dependencies:
    "@lexical/utils" "0.12.5"

"@lexical/mark@0.12.5":
  version "0.12.5"
  resolved "https://registry.npmjs.org/@lexical/mark/-/mark-0.12.5.tgz"
  integrity sha512-61ctAYrxTGl4uMDTnE5fRH4yrs8sqnRyivuNWyOmQR6W/G3s0gHwkUZC7akOSnPLYhfnXRl3C4haY8pH93sWQg==
  dependencies:
    "@lexical/utils" "0.12.5"

"@lexical/markdown@0.12.5":
  version "0.12.5"
  resolved "https://registry.npmjs.org/@lexical/markdown/-/markdown-0.12.5.tgz"
  integrity sha512-F3cBcuhoGWxxCqERUXF4fYfJhceK7gFYQPRsXir5mYriSNZIQIMhJoeAt8Pjer0UjFyQvNfQ+AzzXHu5xYNLLA==
  dependencies:
    "@lexical/code" "0.12.5"
    "@lexical/link" "0.12.5"
    "@lexical/list" "0.12.5"
    "@lexical/rich-text" "0.12.5"
    "@lexical/text" "0.12.5"
    "@lexical/utils" "0.12.5"

"@lexical/offset@0.12.5":
  version "0.12.5"
  resolved "https://registry.npmjs.org/@lexical/offset/-/offset-0.12.5.tgz"
  integrity sha512-K+Mt4tOmwKarsJ1esdqNgN9Ep/JaeFa9ZQ7DKx8KIOkXL35nPb9NXuBvYyJjh1crP/iwsuP15kymgDjxj9ciMw==

"@lexical/overflow@0.12.5":
  version "0.12.5"
  resolved "https://registry.npmjs.org/@lexical/overflow/-/overflow-0.12.5.tgz"
  integrity sha512-boP1oTgBbNmbo8+1tgpDAs1P/lbTk4oWZ6x88E9VNVBJSkG2ZrmQKQoJzKzHwpjXbm+Cechf77JxfgTOabzYxw==

"@lexical/plain-text@0.12.5":
  version "0.12.5"
  resolved "https://registry.npmjs.org/@lexical/plain-text/-/plain-text-0.12.5.tgz"
  integrity sha512-n24aQvTIy4AN+LaoQce6BIuSY4pUshiTp4OpiRh48o5c9NU0DmzEa0l9fBS1GfvjZL9bN5luiINFYn/bMB49nA==

"@lexical/react@^0.12.5":
  version "0.12.5"
  resolved "https://registry.npmjs.org/@lexical/react/-/react-0.12.5.tgz"
  integrity sha512-pAbJQksin223Yp1p1VsPKxkRtSppVij+HcLTzP89q2QuSA0z0p/T+f5jZjs8eV6tecMtmrjizhdLTbk0jkej1w==
  dependencies:
    "@lexical/clipboard" "0.12.5"
    "@lexical/code" "0.12.5"
    "@lexical/dragon" "0.12.5"
    "@lexical/hashtag" "0.12.5"
    "@lexical/history" "0.12.5"
    "@lexical/link" "0.12.5"
    "@lexical/list" "0.12.5"
    "@lexical/mark" "0.12.5"
    "@lexical/markdown" "0.12.5"
    "@lexical/overflow" "0.12.5"
    "@lexical/plain-text" "0.12.5"
    "@lexical/rich-text" "0.12.5"
    "@lexical/selection" "0.12.5"
    "@lexical/table" "0.12.5"
    "@lexical/text" "0.12.5"
    "@lexical/utils" "0.12.5"
    "@lexical/yjs" "0.12.5"
    react-error-boundary "^3.1.4"

"@lexical/rich-text@0.12.5":
  version "0.12.5"
  resolved "https://registry.npmjs.org/@lexical/rich-text/-/rich-text-0.12.5.tgz"
  integrity sha512-33R8ODRI5kKGbF70A/FWdISbbSPk+q4hKtiEJaV67zYPBuzrz0YHcni+tgKiykS05LgCksI/e43sfEkiykjrVQ==

"@lexical/selection@0.12.5":
  version "0.12.5"
  resolved "https://registry.npmjs.org/@lexical/selection/-/selection-0.12.5.tgz"
  integrity sha512-oWJ87T4j6plf2yQzElOeudUyv7kdwTkuhzTZbcCTBNH/cSMdp55/Kv2doBynxhfHYEceuBKE7f8rci//T9DUPQ==

"@lexical/table@0.12.5":
  version "0.12.5"
  resolved "https://registry.npmjs.org/@lexical/table/-/table-0.12.5.tgz"
  integrity sha512-vgSTsjvGw+TrYYBmf3FR0kYJ+j1oOlBmrO1sqvuIrGPXKWmvYL+RbKIkm2xhtApVHVYgqfFvxNiZrPL5Wf9dXg==
  dependencies:
    "@lexical/utils" "0.12.5"

"@lexical/text@0.12.5":
  version "0.12.5"
  resolved "https://registry.npmjs.org/@lexical/text/-/text-0.12.5.tgz"
  integrity sha512-PU1ntXQCqon3HTjrEPl/HdKB/boyW36vKgiPvojoaAhBhkEnuiN+Pq9hrexORBcZPyLFp6wYoWXjKSO4fJVYeA==

"@lexical/utils@0.12.5":
  version "0.12.5"
  resolved "https://registry.npmjs.org/@lexical/utils/-/utils-0.12.5.tgz"
  integrity sha512-wPVyvi1Cvtf7aHwVKlG/9RlgHxSUzpGvXm87t889Rg7uZfOteyvXHJStjpSCZ3pvZ60y5ETin4OoetaVZciPfw==
  dependencies:
    "@lexical/list" "0.12.5"
    "@lexical/selection" "0.12.5"
    "@lexical/table" "0.12.5"

"@lexical/yjs@0.12.5":
  version "0.12.5"
  resolved "https://registry.npmjs.org/@lexical/yjs/-/yjs-0.12.5.tgz"
  integrity sha512-GNiRND/8ePdTWuSDFloPo/1355V0ce6OtH/25qxCq5D9MLNiIkAcwqQfnWFUdOtVMuNJOVc4OfCE9ARCGuEjyQ==
  dependencies:
    "@lexical/offset" "0.12.5"

isomorphic.js@^0.2.4:
  version "0.2.5"
  resolved "https://registry.npmjs.org/isomorphic.js/-/isomorphic.js-0.2.5.tgz"
  integrity sha512-PIeMbHqMt4DnUP3MA/Flc0HElYjMXArsw1qwJZcm9sqR8mq3l8NYizFMty0pWwE/tzIGH3EKK5+jes5mAr85yw==

"js-tokens@^3.0.0 || ^4.0.0":
  version "4.0.0"
  resolved "https://registry.npmjs.org/js-tokens/-/js-tokens-4.0.0.tgz"
  integrity sha512-RdJUflcE3cUzKiMqQgsCu06FPu9UdIJO0beYbPhHN4k6apgJtifcoCtT9bcxOpYBtpD2kCM6Sbzg4CausW/PKQ==

lexical@^0.12.5, lexical@0.12.5:
  version "0.12.5"
  resolved "https://registry.npmjs.org/lexical/-/lexical-0.12.5.tgz"
  integrity sha512-ZMqisIxNe+JBqaUa1Qmz7ghpvnmARHxgYz+F0rcXRtSPZtgEL8OT2c9xk8CJ4ccVpf+qRQlONzCEIZfQQHd/RA==

lib0@^0.2.86:
  version "0.2.88"
  resolved "https://registry.npmjs.org/lib0/-/lib0-0.2.88.tgz"
  integrity sha512-KyroiEvCeZcZEMx5Ys+b4u4eEBbA1ch7XUaBhYpwa/nPMrzTjUhI4RfcytmQfYoTBPcdyx+FX6WFNIoNuJzJfQ==
  dependencies:
    isomorphic.js "^0.2.4"

loose-envify@^1.1.0:
  version "1.4.0"
  resolved "https://registry.npmjs.org/loose-envify/-/loose-envify-1.4.0.tgz"
  integrity sha512-lyuxPGr/Wfhrlem2CL/UcnUc1zcqKAImBDzukY7Y5F/yQiNdko6+fRLevlw1HgMySw7f611UIY408EtxRSoK3Q==
  dependencies:
    js-tokens "^3.0.0 || ^4.0.0"

prismjs@^1.27.0:
  version "1.29.0"
  resolved "https://registry.npmjs.org/prismjs/-/prismjs-1.29.0.tgz"
  integrity sha512-Kx/1w86q/epKcmte75LNrEoT+lX8pBpavuAbvJWRXar7Hz8jrtF+e3vY751p0R8H9HdArwaCTNDDzHg/ScJK1Q==

react-dom@>=17.x:
  version "18.2.0"
  resolved "https://registry.npmjs.org/react-dom/-/react-dom-18.2.0.tgz"
  integrity sha512-6IMTriUmvsjHUjNtEDudZfuDQUoWXVxKHhlEGSk81n4YFS+r/Kl99wXiwlVXtPBtJenozv2P+hxDsw9eA7Xo6g==
  dependencies:
    loose-envify "^1.1.0"
    scheduler "^0.23.0"

react-error-boundary@^3.1.4:
  version "3.1.4"
  resolved "https://registry.npmjs.org/react-error-boundary/-/react-error-boundary-3.1.4.tgz"
  integrity sha512-uM9uPzZJTF6wRQORmSrvOIgt4lJ9MC1sNgEOj2XGsDTRE4kmpWxg7ENK9EWNKJRMAOY9z0MuF4yIfl6gp4sotA==
  dependencies:
    "@babel/runtime" "^7.12.5"

react@^18.2.0, react@>=16.13.1, react@>=17.x:
  version "18.2.0"
  resolved "https://registry.npmjs.org/react/-/react-18.2.0.tgz"
  integrity sha512-/3IjMdb2L9QbBdWiW5e3P2/npwMBaU9mHCSCUzNln0ZCYbcfTsGbTJrU/kGemdH2IWmB2ioZ+zkxtmq6g09fGQ==
  dependencies:
    loose-envify "^1.1.0"

regenerator-runtime@^0.14.0:
  version "0.14.1"
  resolved "https://registry.npmjs.org/regenerator-runtime/-/regenerator-runtime-0.14.1.tgz"
  integrity sha512-dYnhHh0nJoMfnkZs6GmmhFknAGRrLznOu5nc9ML+EJxGvrx6H7teuevqVqCuPcPK//3eDrrjQhehXVx9cnkGdw==

scheduler@^0.23.0:
  version "0.23.0"
  resolved "https://registry.npmjs.org/scheduler/-/scheduler-0.23.0.tgz"
  integrity sha512-CtuThmgHNg7zIZWAXi3AsyIzA3n4xx7aNyjwC2VJldO2LMVDhFK+63xGqq6CsJH4rTAt6/M+N4GhZiDYPx9eUw==
  dependencies:
    loose-envify "^1.1.0"

yjs@>=13.5.22:
  version "13.6.10"
  resolved "https://registry.npmjs.org/yjs/-/yjs-13.6.10.tgz"
  integrity sha512-1JcyQek1vaMyrDm7Fqfa+pvHg/DURSbVo4VmeN7wjnTKB/lZrfIPhdCj7d8sboK6zLfRBJXegTjc9JlaDd8/Zw==
  dependencies:
    lib0 "^0.2.86"
